
Microsoft Visual Studio Solution File, Format Version 12.00
# Visual Studio Version 16
VisualStudioVersion = 16.0.32106.194
MinimumVisualStudioVersion = 10.0.40219.1
Project("{FAE04EC0-301F-11D3-BF4B-00C04F79EFBC}") = "ReleaseToWaterScenario", "ReleaseToWaterScenario.csproj", "{0DCEC8DE-6895-4D1D-83BC-E978F0A1AEE5}"
EndProject
Global
	GlobalSection(SolutionConfigurationPlatforms) = preSolution
		Debug|Any CPU = Debug|Any CPU
		Release|Any CPU = Release|Any CPU
	EndGlobalSection
	GlobalSection(ProjectConfigurationPlatforms) = postSolution
		{0DCEC8DE-6895-4D1D-83BC-E978F0A1AEE5}.Debug|Any CPU.ActiveCfg = Debug|Any CPU
		{0DCEC8DE-6895-4D1D-83BC-E978F0A1AEE5}.Debug|Any CPU.Build.0 = Debug|Any CPU
		{0DCEC8DE-6895-4D1D-83BC-E978F0A1AEE5}.Release|Any CPU.ActiveCfg = Release|Any CPU
		{0DCEC8DE-6895-4D1D-83BC-E978F0A1AEE5}.Release|Any CPU.Build.0 = Release|Any CPU
	EndGlobalSection
	GlobalSection(SolutionProperties) = preSolution
		HideSolutionNode = FALSE
	EndGlobalSection
	GlobalSection(ExtensibilityGlobals) = postSolution
		SolutionGuid = {E9C22D73-09EB-4589-AE91-2BFDF71DE5D8}
	EndGlobalSection
EndGlobal
